// !$*UTF8*$!
{
	archiveVersion = 1;
	classes = {
	};
	objectVersion = 55;
	objects = {

/* Begin PBXBuildFile section */
		A8DF4834282A4B35000D2498 /* UIViewExtention.swift in Sources */ = {isa = PBXBuildFile; fileRef = A8DF4833282A4B35000D2498 /* UIViewExtention.swift */; };
		A8EDAE902829052400EA12D9 /* AppDelegate.swift in Sources */ = {isa = PBXBuildFile; fileRef = A8EDAE8F2829052400EA12D9 /* AppDelegate.swift */; };
		A8EDAE922829052400EA12D9 /* SceneDelegate.swift in Sources */ = {isa = PBXBuildFile; fileRef = A8EDAE912829052400EA12D9 /* SceneDelegate.swift */; };
		A8EDAE942829052400EA12D9 /* ViewController.swift in Sources */ = {isa = PBXBuildFile; fileRef = A8EDAE932829052400EA12D9 /* ViewController.swift */; };
		A8EDAE972829052400EA12D9 /* Main.storyboard in Resources */ = {isa = PBXBuildFile; fileRef = A8EDAE952829052400EA12D9 /* Main.storyboard */; };
		A8EDAE992829052600EA12D9 /* Assets.xcassets in Resources */ = {isa = PBXBuildFile; fileRef = A8EDAE982829052600EA12D9 /* Assets.xcassets */; };
		A8EDAE9C2829052600EA12D9 /* LaunchScreen.storyboard in Resources */ = {isa = PBXBuildFile; fileRef = A8EDAE9A2829052600EA12D9 /* LaunchScreen.storyboard */; };
		A8EDAEB828291A3500EA12D9 /* Gilroy-SemiBold.ttf in Resources */ = {isa = PBXBuildFile; fileRef = A8EDAEB4282919E600EA12D9 /* Gilroy-SemiBold.ttf */; };
/* End PBXBuildFile section */

/* Begin PBXFileReference section */
		A8DF4833282A4B35000D2498 /* UIViewExtention.swift */ = {isa = PBXFileReference; lastKnownFileType = sourcecode.swift; path = UIViewExtention.swift; sourceTree = "<group>"; };
		A8EDAE8C2829052400EA12D9 /* Doctor-Point.app */ = {isa = PBXFileReference; explicitFileType = wrapper.application; includeInIndex = 0; path = "Doctor-Point.app"; sourceTree = BUILT_PRODUCTS_DIR; };
		A8EDAE8F2829052400EA12D9 /* AppDelegate.swift */ = {isa = PBXFileReference; lastKnownFileType = sourcecode.swift; path = AppDelegate.swift; sourceTree = "<group>"; };
		A8EDAE912829052400EA12D9 /* SceneDelegate.swift */ = {isa = PBXFileReference; lastKnownFileType = sourcecode.swift; path = SceneDelegate.swift; sourceTree = "<group>"; };
		A8EDAE932829052400EA12D9 /* ViewController.swift */ = {isa = PBXFileReference; lastKnownFileType = sourcecode.swift; path = ViewController.swift; sourceTree = "<group>"; };
		A8EDAE962829052400EA12D9 /* Base */ = {isa = PBXFileReference; lastKnownFileType = file.storyboard; name = Base; path = Base.lproj/Main.storyboard; sourceTree = "<group>"; };
		A8EDAE982829052600EA12D9 /* Assets.xcassets */ = {isa = PBXFileReference; lastKnownFileType = folder.assetcatalog; path = Assets.xcassets; sourceTree = "<group>"; };
		A8EDAE9B2829052600EA12D9 /* Base */ = {isa = PBXFileReference; lastKnownFileType = file.storyboard; name = Base; path = Base.lproj/LaunchScreen.storyboard; sourceTree = "<group>"; };
		A8EDAE9D2829052600EA12D9 /* Info.plist */ = {isa = PBXFileReference; lastKnownFileType = text.plist.xml; path = Info.plist; sourceTree = "<group>"; };
		A8EDAEA4282919E600EA12D9 /* Gilroy-Regular.ttf */ = {isa = PBXFileReference; lastKnownFileType = file; path = "Gilroy-Regular.ttf"; sourceTree = "<group>"; };
		A8EDAEA6282919E600EA12D9 /* Gilroy-Bold.ttf */ = {isa = PBXFileReference; lastKnownFileType = file; path = "Gilroy-Bold.ttf"; sourceTree = "<group>"; };
		A8EDAEB4282919E600EA12D9 /* Gilroy-SemiBold.ttf */ = {isa = PBXFileReference; lastKnownFileType = file; path = "Gilroy-SemiBold.ttf"; sourceTree = "<group>"; };
		A8EDAEB5282919E600EA12D9 /* Gilroy-Medium.ttf */ = {isa = PBXFileReference; lastKnownFileType = file; path = "Gilroy-Medium.ttf"; sourceTree = "<group>"; };
/* End PBXFileReference section */

/* Begin PBXFrameworksBuildPhase section */
		A8EDAE892829052400EA12D9 /* Frameworks */ = {
			isa = PBXFrameworksBuildPhase;
			buildActionMask = 2147483647;
			files = (
			);
			runOnlyForDeploymentPostprocessing = 0;
		};
/* End PBXFrameworksBuildPhase section */

/* Begin PBXGroup section */
		A8DF4831282A40A2000D2498 /* onboarding */ = {
			isa = PBXGroup;
			children = (
				A8EDAE932829052400EA12D9 /* ViewController.swift */,
				A8EDAE952829052400EA12D9 /* Main.storyboard */,
			);
			path = onboarding;
			sourceTree = "<group>";
		};
		A8DF4832282A4ADC000D2498 /* Utilites */ = {
			isa = PBXGroup;
			children = (
				A8DF4833282A4B35000D2498 /* UIViewExtention.swift */,
			);
			path = Utilites;
			sourceTree = "<group>";
		};
		A8EDAE832829052400EA12D9 = {
			isa = PBXGroup;
			children = (
				A8EDAE8E2829052400EA12D9 /* Doctor-Point */,
				A8EDAE8D2829052400EA12D9 /* Products */,
			);
			sourceTree = "<group>";
		};
		A8EDAE8D2829052400EA12D9 /* Products */ = {
			isa = PBXGroup;
			children = (
				A8EDAE8C2829052400EA12D9 /* Doctor-Point.app */,
			);
			name = Products;
			sourceTree = "<group>";
		};
		A8EDAE8E2829052400EA12D9 /* Doctor-Point */ = {
			isa = PBXGroup;
			children = (
				A8DF4832282A4ADC000D2498 /* Utilites */,
				A8DF4831282A40A2000D2498 /* onboarding */,
				A8EDAE8F2829052400EA12D9 /* AppDelegate.swift */,
				A8EDAE912829052400EA12D9 /* SceneDelegate.swift */,
				A8EDAE982829052600EA12D9 /* Assets.xcassets */,
				A8EDAE9A2829052600EA12D9 /* LaunchScreen.storyboard */,
				A8EDAE9D2829052600EA12D9 /* Info.plist */,
				A8EDAEA32829197900EA12D9 /* Fonts */,
			);
			path = "Doctor-Point";
			sourceTree = "<group>";
		};
		A8EDAEA32829197900EA12D9 /* Fonts */ = {
			isa = PBXGroup;
			children = (
				A8EDAEA6282919E600EA12D9 /* Gilroy-Bold.ttf */,
				A8EDAEB5282919E600EA12D9 /* Gilroy-Medium.ttf */,
				A8EDAEA4282919E600EA12D9 /* Gilroy-Regular.ttf */,
				A8EDAEB4282919E600EA12D9 /* Gilroy-SemiBold.ttf */,
			);
			path = Fonts;
			sourceTree = "<group>";
		};
/* End PBXGroup section */

/* Begin PBXNativeTarget section */
		A8EDAE8B2829052400EA12D9 /* Doctor-Point */ = {
			isa = PBXNativeTarget;
			buildConfigurationList = A8EDAEA02829052600EA12D9 /* Build configuration list for PBXNativeTarget "Doctor-Point" */;
			buildPhases = (
				A8EDAE882829052400EA12D9 /* Sources */,
				A8EDAE892829052400EA12D9 /* Frameworks */,
				A8EDAE8A2829052400EA12D9 /* Resources */,
			);
			buildRules = (
			);
			dependencies = (
			);
			name = "Doctor-Point";
			productName = "Doctor-Point";
			productReference = A8EDAE8C2829052400EA12D9 /* Doctor-Point.app */;
			productType = "com.apple.product-type.application";
		};
/* End PBXNativeTarget section */

/* Begin PBXProject section */
		A8EDAE842829052400EA12D9 /* Project object */ = {
			isa = PBXProject;
			attributes = {
				BuildIndependentTargetsInParallel = 1;
				LastSwiftUpdateCheck = 1330;
				LastUpgradeCheck = 1330;
				TargetAttributes = {
					A8EDAE8B2829052400EA12D9 = {
						CreatedOnToolsVersion = 13.3.1;
					};
				};
			};
			buildConfigurationList = A8EDAE872829052400EA12D9 /* Build configuration list for PBXProject "Doctor-Point" */;
			compatibilityVersion = "Xcode 13.0";
			developmentRegion = en;
			hasScannedForEncodings = 0;
			knownRegions = (
				en,
				Base,
			);
			mainGroup = A8EDAE832829052400EA12D9;
			productRefGroup = A8EDAE8D2829052400EA12D9 /* Products */;
			projectDirPath = "";
			projectRoot = "";
			targets = (
				A8EDAE8B2829052400EA12D9 /* Doctor-Point */,
			);
		};
/* End PBXProject section */

/* Begin PBXResourcesBuildPhase section */
		A8EDAE8A2829052400EA12D9 /* Resources */ = {
			isa = PBXResourcesBuildPhase;
			buildActionMask = 2147483647;
			files = (
				A8EDAE9C2829052600EA12D9 /* LaunchScreen.storyboard in Resources */,
				A8EDAEB828291A3500EA12D9 /* Gilroy-SemiBold.ttf in Resources */,
				A8EDAE992829052600EA12D9 /* Assets.xcassets in Resources */,
				A8EDAE972829052400EA12D9 /* Main.storyboard in Resources */,
			);
			runOnlyForDeploymentPostprocessing = 0;
		};
/* End PBXResourcesBuildPhase section */

/* Begin PBXSourcesBuildPhase section */
		A8EDAE882829052400EA12D9 /* Sources */ = {
			isa = PBXSourcesBuildPhase;
			buildActionMask = 2147483647;
			files = (
				A8EDAE942829052400EA12D9 /* ViewController.swift in Sources */,
				A8EDAE902829052400EA12D9 /* AppDelegate.swift in Sources */,
				A8EDAE922829052400EA12D9 /* SceneDelegate.swift in Sources */,
				A8DF4834282A4B35000D2498 /* UIViewExtention.swift in Sources */,
			);
			runOnlyForDeploymentPostprocessing = 0;
		};
/* End PBXSourcesBuildPhase section */

/* Begin PBXVariantGroup section */
		A8EDAE952829052400EA12D9 /* Main.storyboard */ = {
			isa = PBXVariantGroup;
			children = (
				A8EDAE962829052400EA12D9 /* Base */,
			);
			name = Main.storyboard;
			sourceTree = "<group>";
		};
		A8EDAE9A2829052600EA12D9 /* LaunchScreen.storyboard */ = {
			isa = PBXVariantGroup;
			children = (
				A8EDAE9B2829052600EA12D9 /* Base */,
			);
			name = LaunchScreen.storyboard;
			sourceTree = "<group>";
		};
/* End PBXVariantGroup section */

/* Begin XCBuildConfiguration section */
		A8EDAE9E2829052600EA12D9 /* Debug */ = {
			isa = XCBuildConfiguration;
			buildSettings = {
				ALWAYS_SEARCH_USER_PATHS = NO;
				CLANG_ANALYZER_NONNULL = YES;
				CLANG_ANALYZER_NUMBER_OBJECT_CONVERSION = YES_AGGRESSIVE;
				CLANG_CXX_LANGUAGE_STANDARD = "gnu++17";
				CLANG_ENABLE_MODULES = YES;
				CLANG_ENABLE_OBJC_ARC = YES;
				CLANG_ENABLE_OBJC_WEAK = YES;
				CLANG_WARN_BLOCK_CAPTURE_AUTORELEASING = YES;
				CLANG_WARN_BOOL_CONVERSION = YES;
				CLANG_WARN_COMMA = YES;
				CLANG_WARN_CONSTANT_CONVERSION = YES;
				CLANG_WARN_DEPRECATED_OBJC_IMPLEMENTATIONS = YES;
				CLANG_WARN_DIRECT_OBJC_ISA_USAGE = YES_ERROR;
				CLANG_WARN_DOCUMENTATION_COMMENTS = YES;
				CLANG_WARN_EMPTY_BODY = YES;
				CLANG_WARN_ENUM_CONVERSION = YES;
				CLANG_WARN_INFINITE_RECURSION = YES;
				CLANG_WARN_INT_CONVERSION = YES;
				CLANG_WARN_NON_LITERAL_NULL_CONVERSION = YES;
				CLANG_WARN_OBJC_IMPLICIT_RETAIN_SELF = YES;
				CLANG_WARN_OBJC_LITERAL_CONVERSION = YES;
				CLANG_WARN_OBJC_ROOT_CLASS = YES_ERROR;
				CLANG_WARN_QUOTED_INCLUDE_IN_FRAMEWORK_HEADER = YES;
				CLANG_WARN_RANGE_LOOP_ANALYSIS = YES;
				CLANG_WARN_STRICT_PROTOTYPES = YES;
				CLANG_WARN_SUSPICIOUS_MOVE = YES;
				CLANG_WARN_UNGUARDED_AVAILABILITY = YES_AGGRESSIVE;
				CLANG_WARN_UNREACHABLE_CODE = YES;
				CLANG_WARN__DUPLICATE_METHOD_MATCH = YES;
				COPY_PHASE_STRIP = NO;
				DEBUG_INFORMATION_FORMAT = dwarf;
				ENABLE_STRICT_OBJC_MSGSEND = YES;
				ENABLE_TESTABILITY = YES;
				GCC_C_LANGUAGE_STANDARD = gnu11;
				GCC_DYNAMIC_NO_PIC = NO;
				GCC_NO_COMMON_BLOCKS = YES;
				GCC_OPTIMIZATION_LEVEL = 0;
				GCC_PREPROCESSOR_DEFINITIONS = (
					"DEBUG=1",
					"$(inherited)",
				);
				GCC_WARN_64_TO_32_BIT_CONVERSION = YES;
				GCC_WARN_ABOUT_RETURN_TYPE = YES_ERROR;
				GCC_WARN_UNDECLARED_SELECTOR = YES;
				GCC_WARN_UNINITIALIZED_AUTOS = YES_AGGRESSIVE;
				GCC_WARN_UNUSED_FUNCTION = YES;
				GCC_WARN_UNUSED_VARIABLE = YES;
				IPHONEOS_DEPLOYMENT_TARGET = 15.4;
				MTL_ENABLE_DEBUG_INFO = INCLUDE_SOURCE;
				MTL_FAST_MATH = YES;
				ONLY_ACTIVE_ARCH = YES;
				SDKROOT = iphoneos;
				SWIFT_ACTIVE_COMPILATION_CONDITIONS = DEBUG;
				SWIFT_OPTIMIZATION_LEVEL = "-Onone";
			};
			name = Debug;
		};
		A8EDAE9F2829052600EA12D9 /* Release */ = {
			isa = XCBuildConfiguration;
			buildSettings = {
				ALWAYS_SEARCH_USER_PATHS = NO;
				CLANG_ANALYZER_NONNULL = YES;
				CLANG_ANALYZER_NUMBER_OBJECT_CONVERSION = YES_AGGRESSIVE;
				CLANG_CXX_LANGUAGE_STANDARD = "gnu++17";
				CLANG_ENABLE_MODULES = YES;
				CLANG_ENABLE_OBJC_ARC = YES;
				CLANG_ENABLE_OBJC_WEAK = YES;
				CLANG_WARN_BLOCK_CAPTURE_AUTORELEASING = YES;
				CLANG_WARN_BOOL_CONVERSION = YES;
				CLANG_WARN_COMMA = YES;
				CLANG_WARN_CONSTANT_CONVERSION = YES;
				CLANG_WARN_DEPRECATED_OBJC_IMPLEMENTATIONS = YES;
				CLANG_WARN_DIRECT_OBJC_ISA_USAGE = YES_ERROR;
				CLANG_WARN_DOCUMENTATION_COMMENTS = YES;
				CLANG_WARN_EMPTY_BODY = YES;
				CLANG_WARN_ENUM_CONVERSION = YES;
				CLANG_WARN_INFINITE_RECURSION = YES;
				CLANG_WARN_INT_CONVERSION = YES;
				CLANG_WARN_NON_LITERAL_NULL_CONVERSION = YES;
				CLANG_WARN_OBJC_IMPLICIT_RETAIN_SELF = YES;
				CLANG_WARN_OBJC_LITERAL_CONVERSION = YES;
				CLANG_WARN_OBJC_ROOT_CLASS = YES_ERROR;
				CLANG_WARN_QUOTED_INCLUDE_IN_FRAMEWORK_HEADER = YES;
				CLANG_WARN_RANGE_LOOP_ANALYSIS = YES;
				CLANG_WARN_STRICT_PROTOTYPES = YES;
				CLANG_WARN_SUSPICIOUS_MOVE = YES;
				CLANG_WARN_UNGUARDED_AVAILABILITY = YES_AGGRESSIVE;
				CLANG_WARN_UNREACHABLE_CODE = YES;
				CLANG_WARN__DUPLICATE_METHOD_MATCH = YES;
				COPY_PHASE_STRIP = NO;
				DEBUG_INFORMATION_FORMAT = "dwarf-with-dsym";
				ENABLE_NS_ASSERTIONS = NO;
				ENABLE_STRICT_OBJC_MSGSEND = YES;
				GCC_C_LANGUAGE_STANDARD = gnu11;
				GCC_NO_COMMON_BLOCKS = YES;
				GCC_WARN_64_TO_32_BIT_CONVERSION = YES;
				GCC_WARN_ABOUT_RETURN_TYPE = YES_ERROR;
				GCC_WARN_UNDECLARED_SELECTOR = YES;
				GCC_WARN_UNINITIALIZED_AUTOS = YES_AGGRESSIVE;
				GCC_WARN_UNUSED_FUNCTION = YES;
				GCC_WARN_UNUSED_VARIABLE = YES;
				IPHONEOS_DEPLOYMENT_TARGET = 15.4;
				MTL_ENABLE_DEBUG_INFO = NO;
				MTL_FAST_MATH = YES;
				SDKROOT = iphoneos;
				SWIFT_COMPILATION_MODE = wholemodule;
				SWIFT_OPTIMIZATION_LEVEL = "-O";
				VALIDATE_PRODUCT = YES;
			};
			name = Release;
		};
		A8EDAEA12829052600EA12D9 /* Debug */ = {
			isa = XCBuildConfiguration;
			buildSettings = {
				ASSETCATALOG_COMPILER_APPICON_NAME = AppIcon;
				ASSETCATALOG_COMPILER_GLOBAL_ACCENT_COLOR_NAME = AccentColor;
				CODE_SIGN_STYLE = Automatic;
				CURRENT_PROJECT_VERSION = 1;
				DEVELOPMENT_TEAM = 343946X42R;
				GENERATE_INFOPLIST_FILE = YES;
				INFOPLIST_FILE = "Doctor-Point/Info.plist";
				INFOPLIST_KEY_UIApplicationSupportsIndirectInputEvents = YES;
				INFOPLIST_KEY_UILaunchStoryboardName = LaunchScreen;
				INFOPLIST_KEY_UIMainStoryboardFile = Main;
				INFOPLIST_KEY_UISupportedInterfaceOrientations_iPad = "UIInterfaceOrientationPortrait UIInterfaceOrientationPortraitUpsideDown UIInterfaceOrientationLandscapeLeft UIInterfaceOrientationLandscapeRight";
				INFOPLIST_KEY_UISupportedInterfaceOrientations_iPhone = "UIInterfaceOrientationPortrait UIInterfaceOrientationLandscapeLeft UIInterfaceOrientationLandscapeRight";
				LD_RUNPATH_SEARCH_PATHS = (
					"$(inherited)",
					"@executable_path/Frameworks",
				);
				MARKETING_VERSION = 1.0;
				PRODUCT_BUNDLE_IDENTIFIER = "com.elli0t.Doctor-Point";
				PRODUCT_NAME = "$(TARGET_NAME)";
				SWIFT_EMIT_LOC_STRINGS = YES;
				SWIFT_VERSION = 5.0;
				TARGETED_DEVICE_FAMILY = 1;
			};
			name = Debug;
		};
		A8EDAEA22829052600EA12D9 /* Release */ = {
			isa = XCBuildConfiguration;
			buildSettings = {
				ASSETCATALOG_COMPILER_APPICON_NAME = AppIcon;
				ASSETCATALOG_COMPILER_GLOBAL_ACCENT_COLOR_NAME = AccentColor;
				CODE_SIGN_STYLE = Automatic;
				CURRENT_PROJECT_VERSION = 1;
				DEVELOPMENT_TEAM = 343946X42R;
				GENERATE_INFOPLIST_FILE = YES;
				INFOPLIST_FILE = "Doctor-Point/Info.plist";
				INFOPLIST_KEY_UIApplicationSupportsIndirectInputEvents = YES;
				INFOPLIST_KEY_UILaunchStoryboardName = LaunchScreen;
				INFOPLIST_KEY_UIMainStoryboardFile = Main;
				INFOPLIST_KEY_UISupportedInterfaceOrientations_iPad = "UIInterfaceOrientationPortrait UIInterfaceOrientationPortraitUpsideDown UIInterfaceOrientationLandscapeLeft UIInterfaceOrientationLandscapeRight";
				INFOPLIST_KEY_UISupportedInterfaceOrientations_iPhone = "UIInterfaceOrientationPortrait UIInterfaceOrientationLandscapeLeft UIInterfaceOrientationLandscapeRight";
				LD_RUNPATH_SEARCH_PATHS = (
					"$(inherited)",
					"@executable_path/Frameworks",
				);
				MARKETING_VERSION = 1.0;
				PRODUCT_BUNDLE_IDENTIFIER = "com.elli0t.Doctor-Point";
				PRODUCT_NAME = "$(TARGET_NAME)";
				SWIFT_EMIT_LOC_STRINGS = YES;
				SWIFT_VERSION = 5.0;
				TARGETED_DEVICE_FAMILY = 1;
			};
			name = Release;
		};
/* End XCBuildConfiguration section */

/* Begin XCConfigurationList section */
		A8EDAE872829052400EA12D9 /* Build configuration list for PBXProject "Doctor-Point" */ = {
			isa = XCConfigurationList;
			buildConfigurations = (
				A8EDAE9E2829052600EA12D9 /* Debug */,
				A8EDAE9F2829052600EA12D9 /* Release */,
			);
			defaultConfigurationIsVisible = 0;
			defaultConfigurationName = Release;
		};
		A8EDAEA02829052600EA12D9 /* Build configuration list for PBXNativeTarget "Doctor-Point" */ = {
			isa = XCConfigurationList;
			buildConfigurations = (
				A8EDAEA12829052600EA12D9 /* Debug */,
				A8EDAEA22829052600EA12D9 /* Release */,
			);
			defaultConfigurationIsVisible = 0;
			defaultConfigurationName = Release;
		};
/* End XCConfigurationList section */
	};
	rootObject = A8EDAE842829052400EA12D9 /* Project object */;
}
